
Microsoft Visual Studio Solution File, Format Version 12.00
# Visual Studio Version 16
VisualStudioVersion = 16.0.29009.5
MinimumVisualStudioVersion = 10.0.40219.1
Project("{FAE04EC0-301F-11D3-BF4B-00C04F79EFBC}") = "BehaviourExample", "BehaviourExample\BehaviourExample.csproj", "{EF3B1E31-6F1B-4972-B1B6-AC9B07F09648}"
EndProject
Global
	GlobalSection(SolutionConfigurationPlatforms) = preSolution
		Debug|Any CPU = Debug|Any CPU
		Release|Any CPU = Release|Any CPU
	EndGlobalSection
	GlobalSection(ProjectConfigurationPlatforms) = postSolution
		{EF3B1E31-6F1B-4972-B1B6-AC9B07F09648}.Debug|Any CPU.ActiveCfg = Debug|Any CPU
		{EF3B1E31-6F1B-4972-B1B6-AC9B07F09648}.Debug|Any CPU.Build.0 = Debug|Any CPU
		{EF3B1E31-6F1B-4972-B1B6-AC9B07F09648}.Release|Any CPU.ActiveCfg = Release|Any CPU
		{EF3B1E31-6F1B-4972-B1B6-AC9B07F09648}.Release|Any CPU.Build.0 = Release|Any CPU
	EndGlobalSection
	GlobalSection(SolutionProperties) = preSolution
		HideSolutionNode = FALSE
	EndGlobalSection
	GlobalSection(ExtensibilityGlobals) = postSolution
		SolutionGuid = {28916BF1-97D8-4D78-80F0-F2523FB3738E}
	EndGlobalSection
EndGlobal
