
Microsoft Visual Studio Solution File, Format Version 12.00
# Visual Studio Version 16
VisualStudioVersion = 16.0.29009.5
MinimumVisualStudioVersion = 10.0.40219.1
Project("{FAE04EC0-301F-11D3-BF4B-00C04F79EFBC}") = "MultiPublisher", "Multipublisher\MultiPublisher.csproj", "{8A1003A5-F195-4D1D-9E27-FA7D6C66EDD3}"
EndProject
Global
	GlobalSection(SolutionConfigurationPlatforms) = preSolution
		Debug|Any CPU = Debug|Any CPU
		Release|Any CPU = Release|Any CPU
	EndGlobalSection
	GlobalSection(ProjectConfigurationPlatforms) = postSolution
		{8A1003A5-F195-4D1D-9E27-FA7D6C66EDD3}.Debug|Any CPU.ActiveCfg = Debug|Any CPU
		{8A1003A5-F195-4D1D-9E27-FA7D6C66EDD3}.Debug|Any CPU.Build.0 = Debug|Any CPU
		{8A1003A5-F195-4D1D-9E27-FA7D6C66EDD3}.Release|Any CPU.ActiveCfg = Release|Any CPU
		{8A1003A5-F195-4D1D-9E27-FA7D6C66EDD3}.Release|Any CPU.Build.0 = Release|Any CPU
	EndGlobalSection
	GlobalSection(SolutionProperties) = preSolution
		HideSolutionNode = FALSE
	EndGlobalSection
	GlobalSection(ExtensibilityGlobals) = postSolution
		SolutionGuid = {E4EEFCB8-4083-4D28-84BD-E0CBEC7AFD00}
	EndGlobalSection
EndGlobal
